
Microsoft Visual Studio Solution File, Format Version 12.00
# Visual Studio Version 17
VisualStudioVersion = 17.4.33213.308
MinimumVisualStudioVersion = 10.0.40219.1
Project("{FAE04EC0-301F-11D3-BF4B-00C04F79EFBC}") = "GeoNET", "GeoNET\GeoNET.csproj", "{56B1AA48-9F55-4FF5-AE84-E58617D5A1A9}"
EndProject
Global
	GlobalSection(SolutionConfigurationPlatforms) = preSolution
		Debug|Any CPU = Debug|Any CPU
		Release|Any CPU = Release|Any CPU
	EndGlobalSection
	GlobalSection(ProjectConfigurationPlatforms) = postSolution
		{56B1AA48-9F55-4FF5-AE84-E58617D5A1A9}.Debug|Any CPU.ActiveCfg = Debug|Any CPU
		{56B1AA48-9F55-4FF5-AE84-E58617D5A1A9}.Debug|Any CPU.Build.0 = Debug|Any CPU
		{56B1AA48-9F55-4FF5-AE84-E58617D5A1A9}.Release|Any CPU.ActiveCfg = Release|Any CPU
		{56B1AA48-9F55-4FF5-AE84-E58617D5A1A9}.Release|Any CPU.Build.0 = Release|Any CPU
	EndGlobalSection
	GlobalSection(SolutionProperties) = preSolution
		HideSolutionNode = FALSE
	EndGlobalSection
	GlobalSection(ExtensibilityGlobals) = postSolution
		SolutionGuid = {455DBADC-DEF4-423F-AD00-4215B12A6B6B}
	EndGlobalSection
EndGlobal
